dependencies:
- name: elchi
  repository: file://charts/elchi
  version: 1.0.0
- name: elchi-backend
  repository: file://charts/elchi-backend
  version: 1.0.0
- name: envoy
  repository: file://charts/envoy
  version: 1.0.0
- name: mongodb
  repository: file://charts/mongodb
  version: 1.0.0
- name: otel
  repository: file://charts/otel
  version: 1.0.0
- name: victoriametrics
  repository: file://charts/victoriametrics
  version: 1.0.0
- name: grafana
  repository: file://charts/grafana
  version: 1.0.0
- name: elchi-coredns
  repository: file://charts/elchi-coredns
  version: 1.0.0
digest: sha256:402996b135133c705f15b961cc66eb6ae6e828b5fe7841b49dfae38b717b8a58
generated: "2026-01-24T14:45:55.574733+03:00"
